
Microsoft Visual Studio Solution File, Format Version 12.00
# Visual Studio Version 17
VisualStudioVersion = 17.1.32328.378
MinimumVisualStudioVersion = 10.0.40219.1
Project("{9A19103F-16F7-4668-BE54-9A1E7A4F7556}") = "DotNetRestApi", "DotNetRestApi\DotNetRestApi.csproj", "{CAEA9DD2-6EC2-476F-A77F-2FEA9BE816E4}"
EndProject
Project("{2150E333-8FDC-42A3-9474-1A3956D46DE8}") = "Solution Items", "Solution Items", "{45663D04-06CA-4BA9-95EE-2FBA9593225A}"
	ProjectSection(SolutionItems) = preProject
		README.md = README.md
	EndProjectSection
EndProject
Project("{888888A0-9F3D-457C-B088-3A5042F75D52}") = "PythonApplication", "PythonApplication\PythonApplication.pyproj", "{A5AC8355-904A-489E-A100-D721E68406AC}"
EndProject
Global
	GlobalSection(SolutionConfigurationPlatforms) = preSolution
		Debug|Any CPU = Debug|Any CPU
		Release|Any CPU = Release|Any CPU
	EndGlobalSection
	GlobalSection(ProjectConfigurationPlatforms) = postSolution
		{CAEA9DD2-6EC2-476F-A77F-2FEA9BE816E4}.Debug|Any CPU.ActiveCfg = Debug|Any CPU
		{CAEA9DD2-6EC2-476F-A77F-2FEA9BE816E4}.Debug|Any CPU.Build.0 = Debug|Any CPU
		{CAEA9DD2-6EC2-476F-A77F-2FEA9BE816E4}.Release|Any CPU.ActiveCfg = Release|Any CPU
		{CAEA9DD2-6EC2-476F-A77F-2FEA9BE816E4}.Release|Any CPU.Build.0 = Release|Any CPU
		{A5AC8355-904A-489E-A100-D721E68406AC}.Debug|Any CPU.ActiveCfg = Debug|Any CPU
		{A5AC8355-904A-489E-A100-D721E68406AC}.Release|Any CPU.ActiveCfg = Release|Any CPU
	EndGlobalSection
	GlobalSection(SolutionProperties) = preSolution
		HideSolutionNode = FALSE
	EndGlobalSection
	GlobalSection(ExtensibilityGlobals) = postSolution
		SolutionGuid = {70645A8D-0C23-4951-8BBD-865425B33EC1}
	EndGlobalSection
EndGlobal
